// !$*UTF8*$!
{
	archiveVersion = 1;
	classes = {
	};
	objectVersion = 55;
	objects = {

/* Begin PBXBuildFile section */
		EF22C3602774E0EB00813ACA /* main.swift in Sources */ = {isa = PBXBuildFile; fileRef = EF22C35F2774E0EB00813ACA /* main.swift */; };
		EFFF551127A69C8E000925B3 /* Matrix.swift in Sources */ = {isa = PBXBuildFile; fileRef = EFFF550E27A69C8E000925B3 /* Matrix.swift */; };
		EFFF551227A69C8E000925B3 /* Core.swift in Sources */ = {isa = PBXBuildFile; fileRef = EFFF550F27A69C8E000925B3 /* Core.swift */; };
		EFFF551327A69C8E000925B3 /* Dense.swift in Sources */ = {isa = PBXBuildFile; fileRef = EFFF551027A69C8E000925B3 /* Dense.swift */; };
		EFFF552227A69D9E000925B3 /* Dataset.swift in Sources */ = {isa = PBXBuildFile; fileRef = EFFF552027A69D9E000925B3 /* Dataset.swift */; };
		EFFF552327A69D9E000925B3 /* RandDouble.swift in Sources */ = {isa = PBXBuildFile; fileRef = EFFF552127A69D9E000925B3 /* RandDouble.swift */; };
/* End PBXBuildFile section */

/* Begin PBXCopyFilesBuildPhase section */
		EF22C35A2774E0EB00813ACA /* CopyFiles */ = {
			isa = PBXCopyFilesBuildPhase;
			buildActionMask = 2147483647;
			dstPath = /usr/share/man/man1/;
			dstSubfolderSpec = 0;
			files = (
			);
			runOnlyForDeploymentPostprocessing = 1;
		};
/* End PBXCopyFilesBuildPhase section */

/* Begin PBXFileReference section */
		EF22C35C2774E0EB00813ACA /* detect_numbers */ = {isa = PBXFileReference; explicitFileType = "compiled.mach-o.executable"; includeInIndex = 0; path = detect_numbers; sourceTree = BUILT_PRODUCTS_DIR; };
		EF22C35F2774E0EB00813ACA /* main.swift */ = {isa = PBXFileReference; lastKnownFileType = sourcecode.swift; path = main.swift; sourceTree = "<group>"; };
		EFFF550E27A69C8E000925B3 /* Matrix.swift */ = {isa = PBXFileReference; fileEncoding = 4; lastKnownFileType = sourcecode.swift; path = Matrix.swift; sourceTree = "<group>"; };
		EFFF550F27A69C8E000925B3 /* Core.swift */ = {isa = PBXFileReference; fileEncoding = 4; lastKnownFileType = sourcecode.swift; path = Core.swift; sourceTree = "<group>"; };
		EFFF551027A69C8E000925B3 /* Dense.swift */ = {isa = PBXFileReference; fileEncoding = 4; lastKnownFileType = sourcecode.swift; path = Dense.swift; sourceTree = "<group>"; };
		EFFF552027A69D9E000925B3 /* Dataset.swift */ = {isa = PBXFileReference; fileEncoding = 4; lastKnownFileType = sourcecode.swift; path = Dataset.swift; sourceTree = "<group>"; };
		EFFF552127A69D9E000925B3 /* RandDouble.swift */ = {isa = PBXFileReference; fileEncoding = 4; lastKnownFileType = sourcecode.swift; path = RandDouble.swift; sourceTree = "<group>"; };
/* End PBXFileReference section */

/* Begin PBXFrameworksBuildPhase section */
		EF22C3592774E0EB00813ACA /* Frameworks */ = {
			isa = PBXFrameworksBuildPhase;
			buildActionMask = 2147483647;
			files = (
			);
			runOnlyForDeploymentPostprocessing = 0;
		};
/* End PBXFrameworksBuildPhase section */

/* Begin PBXGroup section */
		EF22C3532774E0EB00813ACA = {
			isa = PBXGroup;
			children = (
				EF22C35E2774E0EB00813ACA /* DetectNumbersCore */,
				EF22C35D2774E0EB00813ACA /* Products */,
			);
			sourceTree = "<group>";
		};
		EF22C35D2774E0EB00813ACA /* Products */ = {
			isa = PBXGroup;
			children = (
				EF22C35C2774E0EB00813ACA /* detect_numbers */,
			);
			name = Products;
			sourceTree = "<group>";
		};
		EF22C35E2774E0EB00813ACA /* DetectNumbersCore */ = {
			isa = PBXGroup;
			children = (
				EF22C35F2774E0EB00813ACA /* main.swift */,
				EFFF550727A69C24000925B3 /* Models */,
				EFFF551F27A69D88000925B3 /* Utils */,
			);
			path = DetectNumbersCore;
			sourceTree = "<group>";
		};
		EFFF550727A69C24000925B3 /* Models */ = {
			isa = PBXGroup;
			children = (
				EFFF550F27A69C8E000925B3 /* Core.swift */,
				EFFF551027A69C8E000925B3 /* Dense.swift */,
				EFFF550E27A69C8E000925B3 /* Matrix.swift */,
			);
			path = Models;
			sourceTree = "<group>";
		};
		EFFF551F27A69D88000925B3 /* Utils */ = {
			isa = PBXGroup;
			children = (
				EFFF552027A69D9E000925B3 /* Dataset.swift */,
				EFFF552127A69D9E000925B3 /* RandDouble.swift */,
			);
			path = Utils;
			sourceTree = "<group>";
		};
/* End PBXGroup section */

/* Begin PBXNativeTarget section */
		EF22C35B2774E0EB00813ACA /* detect_numbers */ = {
			isa = PBXNativeTarget;
			buildConfigurationList = EF22C3632774E0EB00813ACA /* Build configuration list for PBXNativeTarget "detect_numbers" */;
			buildPhases = (
				EF22C3582774E0EB00813ACA /* Sources */,
				EF22C3592774E0EB00813ACA /* Frameworks */,
				EF22C35A2774E0EB00813ACA /* CopyFiles */,
			);
			buildRules = (
			);
			dependencies = (
			);
			name = detect_numbers;
			productName = detect_numbers;
			productReference = EF22C35C2774E0EB00813ACA /* detect_numbers */;
			productType = "com.apple.product-type.tool";
		};
/* End PBXNativeTarget section */

/* Begin PBXProject section */
		EF22C3542774E0EB00813ACA /* Project object */ = {
			isa = PBXProject;
			attributes = {
				BuildIndependentTargetsInParallel = 1;
				LastSwiftUpdateCheck = 1300;
				LastUpgradeCheck = 1300;
				TargetAttributes = {
					EF22C35B2774E0EB00813ACA = {
						CreatedOnToolsVersion = 13.0;
					};
				};
			};
			buildConfigurationList = EF22C3572774E0EB00813ACA /* Build configuration list for PBXProject "DetectNumbersCore" */;
			compatibilityVersion = "Xcode 13.0";
			developmentRegion = en;
			hasScannedForEncodings = 0;
			knownRegions = (
				en,
				Base,
			);
			mainGroup = EF22C3532774E0EB00813ACA;
			productRefGroup = EF22C35D2774E0EB00813ACA /* Products */;
			projectDirPath = "";
			projectRoot = "";
			targets = (
				EF22C35B2774E0EB00813ACA /* detect_numbers */,
			);
		};
/* End PBXProject section */

/* Begin PBXSourcesBuildPhase section */
		EF22C3582774E0EB00813ACA /* Sources */ = {
			isa = PBXSourcesBuildPhase;
			buildActionMask = 2147483647;
			files = (
				EFFF551127A69C8E000925B3 /* Matrix.swift in Sources */,
				EFFF552327A69D9E000925B3 /* RandDouble.swift in Sources */,
				EFFF551327A69C8E000925B3 /* Dense.swift in Sources */,
				EFFF552227A69D9E000925B3 /* Dataset.swift in Sources */,
				EF22C3602774E0EB00813ACA /* main.swift in Sources */,
				EFFF551227A69C8E000925B3 /* Core.swift in Sources */,
			);
			runOnlyForDeploymentPostprocessing = 0;
		};
/* End PBXSourcesBuildPhase section */

/* Begin XCBuildConfiguration section */
		EF22C3612774E0EB00813ACA /* Debug */ = {
			isa = XCBuildConfiguration;
			buildSettings = {
				ALWAYS_SEARCH_USER_PATHS = NO;
				CLANG_ANALYZER_NONNULL = YES;
				CLANG_ANALYZER_NUMBER_OBJECT_CONVERSION = YES_AGGRESSIVE;
				CLANG_CXX_LANGUAGE_STANDARD = "gnu++17";
				CLANG_CXX_LIBRARY = "libc++";
				CLANG_ENABLE_MODULES = YES;
				CLANG_ENABLE_OBJC_ARC = YES;
				CLANG_ENABLE_OBJC_WEAK = YES;
				CLANG_WARN_BLOCK_CAPTURE_AUTORELEASING = YES;
				CLANG_WARN_BOOL_CONVERSION = YES;
				CLANG_WARN_COMMA = YES;
				CLANG_WARN_CONSTANT_CONVERSION = YES;
				CLANG_WARN_DEPRECATED_OBJC_IMPLEMENTATIONS = YES;
				CLANG_WARN_DIRECT_OBJC_ISA_USAGE = YES_ERROR;
				CLANG_WARN_DOCUMENTATION_COMMENTS = YES;
				CLANG_WARN_EMPTY_BODY = YES;
				CLANG_WARN_ENUM_CONVERSION = YES;
				CLANG_WARN_INFINITE_RECURSION = YES;
				CLANG_WARN_INT_CONVERSION = YES;
				CLANG_WARN_NON_LITERAL_NULL_CONVERSION = YES;
				CLANG_WARN_OBJC_IMPLICIT_RETAIN_SELF = YES;
				CLANG_WARN_OBJC_LITERAL_CONVERSION = YES;
				CLANG_WARN_OBJC_ROOT_CLASS = YES_ERROR;
				CLANG_WARN_QUOTED_INCLUDE_IN_FRAMEWORK_HEADER = YES;
				CLANG_WARN_RANGE_LOOP_ANALYSIS = YES;
				CLANG_WARN_STRICT_PROTOTYPES = YES;
				CLANG_WARN_SUSPICIOUS_MOVE = YES;
				CLANG_WARN_UNGUARDED_AVAILABILITY = YES_AGGRESSIVE;
				CLANG_WARN_UNREACHABLE_CODE = YES;
				CLANG_WARN__DUPLICATE_METHOD_MATCH = YES;
				COPY_PHASE_STRIP = NO;
				DEBUG_INFORMATION_FORMAT = dwarf;
				ENABLE_STRICT_OBJC_MSGSEND = YES;
				ENABLE_TESTABILITY = YES;
				GCC_C_LANGUAGE_STANDARD = gnu11;
				GCC_DYNAMIC_NO_PIC = NO;
				GCC_NO_COMMON_BLOCKS = YES;
				GCC_OPTIMIZATION_LEVEL = 0;
				GCC_PREPROCESSOR_DEFINITIONS = (
					"DEBUG=1",
					"$(inherited)",
				);
				GCC_WARN_64_TO_32_BIT_CONVERSION = YES;
				GCC_WARN_ABOUT_RETURN_TYPE = YES_ERROR;
				GCC_WARN_UNDECLARED_SELECTOR = YES;
				GCC_WARN_UNINITIALIZED_AUTOS = YES_AGGRESSIVE;
				GCC_WARN_UNUSED_FUNCTION = YES;
				GCC_WARN_UNUSED_VARIABLE = YES;
				MACOSX_DEPLOYMENT_TARGET = 11.6;
				MTL_ENABLE_DEBUG_INFO = INCLUDE_SOURCE;
				MTL_FAST_MATH = YES;
				ONLY_ACTIVE_ARCH = YES;
				SDKROOT = macosx;
				SWIFT_ACTIVE_COMPILATION_CONDITIONS = DEBUG;
				SWIFT_OPTIMIZATION_LEVEL = "-Onone";
			};
			name = Debug;
		};
		EF22C3622774E0EB00813ACA /* Release */ = {
			isa = XCBuildConfiguration;
			buildSettings = {
				ALWAYS_SEARCH_USER_PATHS = NO;
				CLANG_ANALYZER_NONNULL = YES;
				CLANG_ANALYZER_NUMBER_OBJECT_CONVERSION = YES_AGGRESSIVE;
				CLANG_CXX_LANGUAGE_STANDARD = "gnu++17";
				CLANG_CXX_LIBRARY = "libc++";
				CLANG_ENABLE_MODULES = YES;
				CLANG_ENABLE_OBJC_ARC = YES;
				CLANG_ENABLE_OBJC_WEAK = YES;
				CLANG_WARN_BLOCK_CAPTURE_AUTORELEASING = YES;
				CLANG_WARN_BOOL_CONVERSION = YES;
				CLANG_WARN_COMMA = YES;
				CLANG_WARN_CONSTANT_CONVERSION = YES;
				CLANG_WARN_DEPRECATED_OBJC_IMPLEMENTATIONS = YES;
				CLANG_WARN_DIRECT_OBJC_ISA_USAGE = YES_ERROR;
				CLANG_WARN_DOCUMENTATION_COMMENTS = YES;
				CLANG_WARN_EMPTY_BODY = YES;
				CLANG_WARN_ENUM_CONVERSION = YES;
				CLANG_WARN_INFINITE_RECURSION = YES;
				CLANG_WARN_INT_CONVERSION = YES;
				CLANG_WARN_NON_LITERAL_NULL_CONVERSION = YES;
				CLANG_WARN_OBJC_IMPLICIT_RETAIN_SELF = YES;
				CLANG_WARN_OBJC_LITERAL_CONVERSION = YES;
				CLANG_WARN_OBJC_ROOT_CLASS = YES_ERROR;
				CLANG_WARN_QUOTED_INCLUDE_IN_FRAMEWORK_HEADER = YES;
				CLANG_WARN_RANGE_LOOP_ANALYSIS = YES;
				CLANG_WARN_STRICT_PROTOTYPES = YES;
				CLANG_WARN_SUSPICIOUS_MOVE = YES;
				CLANG_WARN_UNGUARDED_AVAILABILITY = YES_AGGRESSIVE;
				CLANG_WARN_UNREACHABLE_CODE = YES;
				CLANG_WARN__DUPLICATE_METHOD_MATCH = YES;
				COPY_PHASE_STRIP = NO;
				DEBUG_INFORMATION_FORMAT = "dwarf-with-dsym";
				ENABLE_NS_ASSERTIONS = NO;
				ENABLE_STRICT_OBJC_MSGSEND = YES;
				GCC_C_LANGUAGE_STANDARD = gnu11;
				GCC_NO_COMMON_BLOCKS = YES;
				GCC_WARN_64_TO_32_BIT_CONVERSION = YES;
				GCC_WARN_ABOUT_RETURN_TYPE = YES_ERROR;
				GCC_WARN_UNDECLARED_SELECTOR = YES;
				GCC_WARN_UNINITIALIZED_AUTOS = YES_AGGRESSIVE;
				GCC_WARN_UNUSED_FUNCTION = YES;
				GCC_WARN_UNUSED_VARIABLE = YES;
				MACOSX_DEPLOYMENT_TARGET = 11.6;
				MTL_ENABLE_DEBUG_INFO = NO;
				MTL_FAST_MATH = YES;
				SDKROOT = macosx;
				SWIFT_COMPILATION_MODE = wholemodule;
				SWIFT_OPTIMIZATION_LEVEL = "-O";
			};
			name = Release;
		};
		EF22C3642774E0EB00813ACA /* Debug */ = {
			isa = XCBuildConfiguration;
			buildSettings = {
				CODE_SIGN_STYLE = Automatic;
				PRODUCT_NAME = "$(TARGET_NAME)";
				SWIFT_VERSION = 5.0;
			};
			name = Debug;
		};
		EF22C3652774E0EB00813ACA /* Release */ = {
			isa = XCBuildConfiguration;
			buildSettings = {
				CODE_SIGN_STYLE = Automatic;
				PRODUCT_NAME = "$(TARGET_NAME)";
				SWIFT_VERSION = 5.0;
			};
			name = Release;
		};
/* End XCBuildConfiguration section */

/* Begin XCConfigurationList section */
		EF22C3572774E0EB00813ACA /* Build configuration list for PBXProject "DetectNumbersCore" */ = {
			isa = XCConfigurationList;
			buildConfigurations = (
				EF22C3612774E0EB00813ACA /* Debug */,
				EF22C3622774E0EB00813ACA /* Release */,
			);
			defaultConfigurationIsVisible = 0;
			defaultConfigurationName = Release;
		};
		EF22C3632774E0EB00813ACA /* Build configuration list for PBXNativeTarget "detect_numbers" */ = {
			isa = XCConfigurationList;
			buildConfigurations = (
				EF22C3642774E0EB00813ACA /* Debug */,
				EF22C3652774E0EB00813ACA /* Release */,
			);
			defaultConfigurationIsVisible = 0;
			defaultConfigurationName = Release;
		};
/* End XCConfigurationList section */
	};
	rootObject = EF22C3542774E0EB00813ACA /* Project object */;
}
